
Microsoft Visual Studio Solution File, Format Version 12.00
#
Project("{FAE04EC0-301F-11D3-BF4B-00C04F79EFBC}") = "BACKEND_CNC-IIoT-Predictive-Maintenance-Tool-", "BACKEND_CNC-IIoT-Predictive-Maintenance-Tool-\BACKEND_CNC-IIoT-Predictive-Maintenance-Tool-.csproj", "{BE0FE019-8257-4101-B1B2-31ACEBE67678}"
EndProject
Project("{FAE04EC0-301F-11D3-BF4B-00C04F79EFBC}") = "Degredation_Rul.ML", "Degredation_Rul.ML\Degredation_Rul.ML.csproj", "{61FAB5CE-91A8-435A-B771-5E93DD28492C}"
EndProject
Global
	GlobalSection(SolutionConfigurationPlatforms) = preSolution
		Debug|Any CPU = Debug|Any CPU
		Release|Any CPU = Release|Any CPU
	EndGlobalSection
	GlobalSection(ProjectConfigurationPlatforms) = postSolution
		{BE0FE019-8257-4101-B1B2-31ACEBE67678}.Debug|Any CPU.ActiveCfg = Debug|Any CPU
		{BE0FE019-8257-4101-B1B2-31ACEBE67678}.Debug|Any CPU.Build.0 = Debug|Any CPU
		{BE0FE019-8257-4101-B1B2-31ACEBE67678}.Release|Any CPU.ActiveCfg = Release|Any CPU
		{BE0FE019-8257-4101-B1B2-31ACEBE67678}.Release|Any CPU.Build.0 = Release|Any CPU
		{61FAB5CE-91A8-435A-B771-5E93DD28492C}.Debug|Any CPU.ActiveCfg = Debug|Any CPU
		{61FAB5CE-91A8-435A-B771-5E93DD28492C}.Debug|Any CPU.Build.0 = Debug|Any CPU
		{61FAB5CE-91A8-435A-B771-5E93DD28492C}.Release|Any CPU.ActiveCfg = Release|Any CPU
		{61FAB5CE-91A8-435A-B771-5E93DD28492C}.Release|Any CPU.Build.0 = Release|Any CPU
	EndGlobalSection
EndGlobal
